// !$*UTF8*$!
{
	archiveVersion = 1;
	classes = {
	};
	objectVersion = 56;
	objects = {

/* Begin PBXBuildFile section */
		FB2551DB2AD472E9009A2118 /* AppDelegate.swift in Sources */ = {isa = PBXBuildFile; fileRef = FB2551DA2AD472E9009A2118 /* AppDelegate.swift */; };
		FB2551DD2AD472E9009A2118 /* SceneDelegate.swift in Sources */ = {isa = PBXBuildFile; fileRef = FB2551DC2AD472E9009A2118 /* SceneDelegate.swift */; };
		FB2551DF2AD472E9009A2118 /* ViewController.swift in Sources */ = {isa = PBXBuildFile; fileRef = FB2551DE2AD472E9009A2118 /* ViewController.swift */; };
		FB2551E22AD472E9009A2118 /* Main.storyboard in Resources */ = {isa = PBXBuildFile; fileRef = FB2551E02AD472E9009A2118 /* Main.storyboard */; };
		FB2551E42AD472EC009A2118 /* Assets.xcassets in Resources */ = {isa = PBXBuildFile; fileRef = FB2551E32AD472EC009A2118 /* Assets.xcassets */; };
		FB2551E72AD472EC009A2118 /* LaunchScreen.storyboard in Resources */ = {isa = PBXBuildFile; fileRef = FB2551E52AD472EC009A2118 /* LaunchScreen.storyboard */; };
		FB2551EF2AD481F7009A2118 /* Question.swift in Sources */ = {isa = PBXBuildFile; fileRef = FB2551EE2AD481F7009A2118 /* Question.swift */; };
		FB25545E2AD8A6350024BA71 /* ResultViewController.swift in Sources */ = {isa = PBXBuildFile; fileRef = FB25545D2AD8A6350024BA71 /* ResultViewController.swift */; };
		FB527F922AD86C64003A1250 /* QuestionsViewController.swift in Sources */ = {isa = PBXBuildFile; fileRef = FB527F912AD86C64003A1250 /* QuestionsViewController.swift */; };
/* End PBXBuildFile section */

/* Begin PBXFileReference section */
		FB2551D72AD472E9009A2118 /* Lesson7.app */ = {isa = PBXFileReference; explicitFileType = wrapper.application; includeInIndex = 0; path = Lesson7.app; sourceTree = BUILT_PRODUCTS_DIR; };
		FB2551DA2AD472E9009A2118 /* AppDelegate.swift */ = {isa = PBXFileReference; lastKnownFileType = sourcecode.swift; path = AppDelegate.swift; sourceTree = "<group>"; };
		FB2551DC2AD472E9009A2118 /* SceneDelegate.swift */ = {isa = PBXFileReference; lastKnownFileType = sourcecode.swift; path = SceneDelegate.swift; sourceTree = "<group>"; };
		FB2551DE2AD472E9009A2118 /* ViewController.swift */ = {isa = PBXFileReference; lastKnownFileType = sourcecode.swift; path = ViewController.swift; sourceTree = "<group>"; };
		FB2551E12AD472E9009A2118 /* Base */ = {isa = PBXFileReference; lastKnownFileType = file.storyboard; name = Base; path = Base.lproj/Main.storyboard; sourceTree = "<group>"; };
		FB2551E32AD472EC009A2118 /* Assets.xcassets */ = {isa = PBXFileReference; lastKnownFileType = folder.assetcatalog; path = Assets.xcassets; sourceTree = "<group>"; };
		FB2551E62AD472EC009A2118 /* Base */ = {isa = PBXFileReference; lastKnownFileType = file.storyboard; name = Base; path = Base.lproj/LaunchScreen.storyboard; sourceTree = "<group>"; };
		FB2551E82AD472EC009A2118 /* Info.plist */ = {isa = PBXFileReference; lastKnownFileType = text.plist.xml; path = Info.plist; sourceTree = "<group>"; };
		FB2551EE2AD481F7009A2118 /* Question.swift */ = {isa = PBXFileReference; lastKnownFileType = sourcecode.swift; path = Question.swift; sourceTree = "<group>"; };
		FB25545D2AD8A6350024BA71 /* ResultViewController.swift */ = {isa = PBXFileReference; lastKnownFileType = sourcecode.swift; path = ResultViewController.swift; sourceTree = "<group>"; };
		FB527F912AD86C64003A1250 /* QuestionsViewController.swift */ = {isa = PBXFileReference; lastKnownFileType = sourcecode.swift; path = QuestionsViewController.swift; sourceTree = "<group>"; };
/* End PBXFileReference section */

/* Begin PBXFrameworksBuildPhase section */
		FB2551D42AD472E9009A2118 /* Frameworks */ = {
			isa = PBXFrameworksBuildPhase;
			buildActionMask = 2147483647;
			files = (
			);
			runOnlyForDeploymentPostprocessing = 0;
		};
/* End PBXFrameworksBuildPhase section */

/* Begin PBXGroup section */
		FB2551CE2AD472E9009A2118 = {
			isa = PBXGroup;
			children = (
				FB2551D92AD472E9009A2118 /* Lesson7 */,
				FB2551D82AD472E9009A2118 /* Products */,
			);
			sourceTree = "<group>";
		};
		FB2551D82AD472E9009A2118 /* Products */ = {
			isa = PBXGroup;
			children = (
				FB2551D72AD472E9009A2118 /* Lesson7.app */,
			);
			name = Products;
			sourceTree = "<group>";
		};
		FB2551D92AD472E9009A2118 /* Lesson7 */ = {
			isa = PBXGroup;
			children = (
				FB279E6C2AD8D7EA007A0B8E /* SupportingFiles */,
				FB279E6D2AD8D7FE007A0B8E /* ViewControllers */,
				FB279E6E2AD8D80A007A0B8E /* Models */,
				FB279E702AD8D82C007A0B8E /* Storyboards */,
				FB279E6F2AD8D819007A0B8E /* Resources */,
			);
			path = Lesson7;
			sourceTree = "<group>";
		};
		FB279E6C2AD8D7EA007A0B8E /* SupportingFiles */ = {
			isa = PBXGroup;
			children = (
				FB2551DA2AD472E9009A2118 /* AppDelegate.swift */,
				FB2551DC2AD472E9009A2118 /* SceneDelegate.swift */,
				FB2551E82AD472EC009A2118 /* Info.plist */,
			);
			path = SupportingFiles;
			sourceTree = "<group>";
		};
		FB279E6D2AD8D7FE007A0B8E /* ViewControllers */ = {
			isa = PBXGroup;
			children = (
				FB2551DE2AD472E9009A2118 /* ViewController.swift */,
				FB527F912AD86C64003A1250 /* QuestionsViewController.swift */,
				FB25545D2AD8A6350024BA71 /* ResultViewController.swift */,
			);
			path = ViewControllers;
			sourceTree = "<group>";
		};
		FB279E6E2AD8D80A007A0B8E /* Models */ = {
			isa = PBXGroup;
			children = (
				FB2551EE2AD481F7009A2118 /* Question.swift */,
			);
			path = Models;
			sourceTree = "<group>";
		};
		FB279E6F2AD8D819007A0B8E /* Resources */ = {
			isa = PBXGroup;
			children = (
				FB2551E32AD472EC009A2118 /* Assets.xcassets */,
			);
			path = Resources;
			sourceTree = "<group>";
		};
		FB279E702AD8D82C007A0B8E /* Storyboards */ = {
			isa = PBXGroup;
			children = (
				FB2551E02AD472E9009A2118 /* Main.storyboard */,
				FB2551E52AD472EC009A2118 /* LaunchScreen.storyboard */,
			);
			path = Storyboards;
			sourceTree = "<group>";
		};
/* End PBXGroup section */

/* Begin PBXNativeTarget section */
		FB2551D62AD472E9009A2118 /* Lesson7 */ = {
			isa = PBXNativeTarget;
			buildConfigurationList = FB2551EB2AD472EC009A2118 /* Build configuration list for PBXNativeTarget "Lesson7" */;
			buildPhases = (
				FB2551D32AD472E9009A2118 /* Sources */,
				FB2551D42AD472E9009A2118 /* Frameworks */,
				FB2551D52AD472E9009A2118 /* Resources */,
			);
			buildRules = (
			);
			dependencies = (
			);
			name = Lesson7;
			productName = Lesson7;
			productReference = FB2551D72AD472E9009A2118 /* Lesson7.app */;
			productType = "com.apple.product-type.application";
		};
/* End PBXNativeTarget section */

/* Begin PBXProject section */
		FB2551CF2AD472E9009A2118 /* Project object */ = {
			isa = PBXProject;
			attributes = {
				BuildIndependentTargetsInParallel = 1;
				LastSwiftUpdateCheck = 1500;
				LastUpgradeCheck = 1500;
				TargetAttributes = {
					FB2551D62AD472E9009A2118 = {
						CreatedOnToolsVersion = 15.0;
					};
				};
			};
			buildConfigurationList = FB2551D22AD472E9009A2118 /* Build configuration list for PBXProject "Lesson7" */;
			compatibilityVersion = "Xcode 14.0";
			developmentRegion = en;
			hasScannedForEncodings = 0;
			knownRegions = (
				en,
				Base,
			);
			mainGroup = FB2551CE2AD472E9009A2118;
			productRefGroup = FB2551D82AD472E9009A2118 /* Products */;
			projectDirPath = "";
			projectRoot = "";
			targets = (
				FB2551D62AD472E9009A2118 /* Lesson7 */,
			);
		};
/* End PBXProject section */

/* Begin PBXResourcesBuildPhase section */
		FB2551D52AD472E9009A2118 /* Resources */ = {
			isa = PBXResourcesBuildPhase;
			buildActionMask = 2147483647;
			files = (
				FB2551E72AD472EC009A2118 /* LaunchScreen.storyboard in Resources */,
				FB2551E42AD472EC009A2118 /* Assets.xcassets in Resources */,
				FB2551E22AD472E9009A2118 /* Main.storyboard in Resources */,
			);
			runOnlyForDeploymentPostprocessing = 0;
		};
/* End PBXResourcesBuildPhase section */

/* Begin PBXSourcesBuildPhase section */
		FB2551D32AD472E9009A2118 /* Sources */ = {
			isa = PBXSourcesBuildPhase;
			buildActionMask = 2147483647;
			files = (
				FB2551DF2AD472E9009A2118 /* ViewController.swift in Sources */,
				FB527F922AD86C64003A1250 /* QuestionsViewController.swift in Sources */,
				FB2551EF2AD481F7009A2118 /* Question.swift in Sources */,
				FB2551DB2AD472E9009A2118 /* AppDelegate.swift in Sources */,
				FB2551DD2AD472E9009A2118 /* SceneDelegate.swift in Sources */,
				FB25545E2AD8A6350024BA71 /* ResultViewController.swift in Sources */,
			);
			runOnlyForDeploymentPostprocessing = 0;
		};
/* End PBXSourcesBuildPhase section */

/* Begin PBXVariantGroup section */
		FB2551E02AD472E9009A2118 /* Main.storyboard */ = {
			isa = PBXVariantGroup;
			children = (
				FB2551E12AD472E9009A2118 /* Base */,
			);
			name = Main.storyboard;
			sourceTree = "<group>";
		};
		FB2551E52AD472EC009A2118 /* LaunchScreen.storyboard */ = {
			isa = PBXVariantGroup;
			children = (
				FB2551E62AD472EC009A2118 /* Base */,
			);
			name = LaunchScreen.storyboard;
			sourceTree = "<group>";
		};
/* End PBXVariantGroup section */

/* Begin XCBuildConfiguration section */
		FB2551E92AD472EC009A2118 /* Debug */ = {
			isa = XCBuildConfiguration;
			buildSettings = {
				ALWAYS_SEARCH_USER_PATHS = NO;
				ASSETCATALOG_COMPILER_GENERATE_SWIFT_ASSET_SYMBOL_EXTENSIONS = YES;
				CLANG_ANALYZER_NONNULL = YES;
				CLANG_ANALYZER_NUMBER_OBJECT_CONVERSION = YES_AGGRESSIVE;
				CLANG_CXX_LANGUAGE_STANDARD = "gnu++20";
				CLANG_ENABLE_MODULES = YES;
				CLANG_ENABLE_OBJC_ARC = YES;
				CLANG_ENABLE_OBJC_WEAK = YES;
				CLANG_WARN_BLOCK_CAPTURE_AUTORELEASING = YES;
				CLANG_WARN_BOOL_CONVERSION = YES;
				CLANG_WARN_COMMA = YES;
				CLANG_WARN_CONSTANT_CONVERSION = YES;
				CLANG_WARN_DEPRECATED_OBJC_IMPLEMENTATIONS = YES;
				CLANG_WARN_DIRECT_OBJC_ISA_USAGE = YES_ERROR;
				CLANG_WARN_DOCUMENTATION_COMMENTS = YES;
				CLANG_WARN_EMPTY_BODY = YES;
				CLANG_WARN_ENUM_CONVERSION = YES;
				CLANG_WARN_INFINITE_RECURSION = YES;
				CLANG_WARN_INT_CONVERSION = YES;
				CLANG_WARN_NON_LITERAL_NULL_CONVERSION = YES;
				CLANG_WARN_OBJC_IMPLICIT_RETAIN_SELF = YES;
				CLANG_WARN_OBJC_LITERAL_CONVERSION = YES;
				CLANG_WARN_OBJC_ROOT_CLASS = YES_ERROR;
				CLANG_WARN_QUOTED_INCLUDE_IN_FRAMEWORK_HEADER = YES;
				CLANG_WARN_RANGE_LOOP_ANALYSIS = YES;
				CLANG_WARN_STRICT_PROTOTYPES = YES;
				CLANG_WARN_SUSPICIOUS_MOVE = YES;
				CLANG_WARN_UNGUARDED_AVAILABILITY = YES_AGGRESSIVE;
				CLANG_WARN_UNREACHABLE_CODE = YES;
				CLANG_WARN__DUPLICATE_METHOD_MATCH = YES;
				COPY_PHASE_STRIP = NO;
				DEBUG_INFORMATION_FORMAT = dwarf;
				ENABLE_STRICT_OBJC_MSGSEND = YES;
				ENABLE_TESTABILITY = YES;
				ENABLE_USER_SCRIPT_SANDBOXING = YES;
				GCC_C_LANGUAGE_STANDARD = gnu17;
				GCC_DYNAMIC_NO_PIC = NO;
				GCC_NO_COMMON_BLOCKS = YES;
				GCC_OPTIMIZATION_LEVEL = 0;
				GCC_PREPROCESSOR_DEFINITIONS = (
					"DEBUG=1",
					"$(inherited)",
				);
				GCC_WARN_64_TO_32_BIT_CONVERSION = YES;
				GCC_WARN_ABOUT_RETURN_TYPE = YES_ERROR;
				GCC_WARN_UNDECLARED_SELECTOR = YES;
				GCC_WARN_UNINITIALIZED_AUTOS = YES_AGGRESSIVE;
				GCC_WARN_UNUSED_FUNCTION = YES;
				GCC_WARN_UNUSED_VARIABLE = YES;
				IPHONEOS_DEPLOYMENT_TARGET = 17.0;
				LOCALIZATION_PREFERS_STRING_CATALOGS = YES;
				MTL_ENABLE_DEBUG_INFO = INCLUDE_SOURCE;
				MTL_FAST_MATH = YES;
				ONLY_ACTIVE_ARCH = YES;
				SDKROOT = iphoneos;
				SWIFT_ACTIVE_COMPILATION_CONDITIONS = "DEBUG $(inherited)";
				SWIFT_OPTIMIZATION_LEVEL = "-Onone";
			};
			name = Debug;
		};
		FB2551EA2AD472EC009A2118 /* Release */ = {
			isa = XCBuildConfiguration;
			buildSettings = {
				ALWAYS_SEARCH_USER_PATHS = NO;
				ASSETCATALOG_COMPILER_GENERATE_SWIFT_ASSET_SYMBOL_EXTENSIONS = YES;
				CLANG_ANALYZER_NONNULL = YES;
				CLANG_ANALYZER_NUMBER_OBJECT_CONVERSION = YES_AGGRESSIVE;
				CLANG_CXX_LANGUAGE_STANDARD = "gnu++20";
				CLANG_ENABLE_MODULES = YES;
				CLANG_ENABLE_OBJC_ARC = YES;
				CLANG_ENABLE_OBJC_WEAK = YES;
				CLANG_WARN_BLOCK_CAPTURE_AUTORELEASING = YES;
				CLANG_WARN_BOOL_CONVERSION = YES;
				CLANG_WARN_COMMA = YES;
				CLANG_WARN_CONSTANT_CONVERSION = YES;
				CLANG_WARN_DEPRECATED_OBJC_IMPLEMENTATIONS = YES;
				CLANG_WARN_DIRECT_OBJC_ISA_USAGE = YES_ERROR;
				CLANG_WARN_DOCUMENTATION_COMMENTS = YES;
				CLANG_WARN_EMPTY_BODY = YES;
				CLANG_WARN_ENUM_CONVERSION = YES;
				CLANG_WARN_INFINITE_RECURSION = YES;
				CLANG_WARN_INT_CONVERSION = YES;
				CLANG_WARN_NON_LITERAL_NULL_CONVERSION = YES;
				CLANG_WARN_OBJC_IMPLICIT_RETAIN_SELF = YES;
				CLANG_WARN_OBJC_LITERAL_CONVERSION = YES;
				CLANG_WARN_OBJC_ROOT_CLASS = YES_ERROR;
				CLANG_WARN_QUOTED_INCLUDE_IN_FRAMEWORK_HEADER = YES;
				CLANG_WARN_RANGE_LOOP_ANALYSIS = YES;
				CLANG_WARN_STRICT_PROTOTYPES = YES;
				CLANG_WARN_SUSPICIOUS_MOVE = YES;
				CLANG_WARN_UNGUARDED_AVAILABILITY = YES_AGGRESSIVE;
				CLANG_WARN_UNREACHABLE_CODE = YES;
				CLANG_WARN__DUPLICATE_METHOD_MATCH = YES;
				COPY_PHASE_STRIP = NO;
				DEBUG_INFORMATION_FORMAT = "dwarf-with-dsym";
				ENABLE_NS_ASSERTIONS = NO;
				ENABLE_STRICT_OBJC_MSGSEND = YES;
				ENABLE_USER_SCRIPT_SANDBOXING = YES;
				GCC_C_LANGUAGE_STANDARD = gnu17;
				GCC_NO_COMMON_BLOCKS = YES;
				GCC_WARN_64_TO_32_BIT_CONVERSION = YES;
				GCC_WARN_ABOUT_RETURN_TYPE = YES_ERROR;
				GCC_WARN_UNDECLARED_SELECTOR = YES;
				GCC_WARN_UNINITIALIZED_AUTOS = YES_AGGRESSIVE;
				GCC_WARN_UNUSED_FUNCTION = YES;
				GCC_WARN_UNUSED_VARIABLE = YES;
				IPHONEOS_DEPLOYMENT_TARGET = 17.0;
				LOCALIZATION_PREFERS_STRING_CATALOGS = YES;
				MTL_ENABLE_DEBUG_INFO = NO;
				MTL_FAST_MATH = YES;
				SDKROOT = iphoneos;
				SWIFT_COMPILATION_MODE = wholemodule;
				VALIDATE_PRODUCT = YES;
			};
			name = Release;
		};
		FB2551EC2AD472EC009A2118 /* Debug */ = {
			isa = XCBuildConfiguration;
			buildSettings = {
				ASSETCATALOG_COMPILER_APPICON_NAME = AppIcon;
				ASSETCATALOG_COMPILER_GLOBAL_ACCENT_COLOR_NAME = AccentColor;
				CODE_SIGN_STYLE = Automatic;
				CURRENT_PROJECT_VERSION = 1;
				GENERATE_INFOPLIST_FILE = YES;
				INFOPLIST_FILE = Lesson7/SupportingFiles/Info.plist;
				INFOPLIST_KEY_UIApplicationSupportsIndirectInputEvents = YES;
				INFOPLIST_KEY_UILaunchStoryboardName = LaunchScreen;
				INFOPLIST_KEY_UIMainStoryboardFile = Main;
				INFOPLIST_KEY_UISupportedInterfaceOrientations_iPad = "UIInterfaceOrientationPortrait UIInterfaceOrientationPortraitUpsideDown UIInterfaceOrientationLandscapeLeft UIInterfaceOrientationLandscapeRight";
				INFOPLIST_KEY_UISupportedInterfaceOrientations_iPhone = "UIInterfaceOrientationPortrait UIInterfaceOrientationLandscapeLeft UIInterfaceOrientationLandscapeRight";
				IPHONEOS_DEPLOYMENT_TARGET = 16.4;
				LD_RUNPATH_SEARCH_PATHS = (
					"$(inherited)",
					"@executable_path/Frameworks",
				);
				MARKETING_VERSION = 1.0;
				PRODUCT_BUNDLE_IDENTIFIER = ru.swiftbook.Lesson7;
				PRODUCT_NAME = "$(TARGET_NAME)";
				SUPPORTED_PLATFORMS = "iphoneos iphonesimulator";
				SUPPORTS_MACCATALYST = NO;
				SUPPORTS_MAC_DESIGNED_FOR_IPHONE_IPAD = NO;
				SWIFT_EMIT_LOC_STRINGS = YES;
				SWIFT_VERSION = 5.0;
				TARGETED_DEVICE_FAMILY = 1;
			};
			name = Debug;
		};
		FB2551ED2AD472EC009A2118 /* Release */ = {
			isa = XCBuildConfiguration;
			buildSettings = {
				ASSETCATALOG_COMPILER_APPICON_NAME = AppIcon;
				ASSETCATALOG_COMPILER_GLOBAL_ACCENT_COLOR_NAME = AccentColor;
				CODE_SIGN_STYLE = Automatic;
				CURRENT_PROJECT_VERSION = 1;
				GENERATE_INFOPLIST_FILE = YES;
				INFOPLIST_FILE = Lesson7/SupportingFiles/Info.plist;
				INFOPLIST_KEY_UIApplicationSupportsIndirectInputEvents = YES;
				INFOPLIST_KEY_UILaunchStoryboardName = LaunchScreen;
				INFOPLIST_KEY_UIMainStoryboardFile = Main;
				INFOPLIST_KEY_UISupportedInterfaceOrientations_iPad = "UIInterfaceOrientationPortrait UIInterfaceOrientationPortraitUpsideDown UIInterfaceOrientationLandscapeLeft UIInterfaceOrientationLandscapeRight";
				INFOPLIST_KEY_UISupportedInterfaceOrientations_iPhone = "UIInterfaceOrientationPortrait UIInterfaceOrientationLandscapeLeft UIInterfaceOrientationLandscapeRight";
				IPHONEOS_DEPLOYMENT_TARGET = 16.4;
				LD_RUNPATH_SEARCH_PATHS = (
					"$(inherited)",
					"@executable_path/Frameworks",
				);
				MARKETING_VERSION = 1.0;
				PRODUCT_BUNDLE_IDENTIFIER = ru.swiftbook.Lesson7;
				PRODUCT_NAME = "$(TARGET_NAME)";
				SUPPORTED_PLATFORMS = "iphoneos iphonesimulator";
				SUPPORTS_MACCATALYST = NO;
				SUPPORTS_MAC_DESIGNED_FOR_IPHONE_IPAD = NO;
				SWIFT_EMIT_LOC_STRINGS = YES;
				SWIFT_VERSION = 5.0;
				TARGETED_DEVICE_FAMILY = 1;
			};
			name = Release;
		};
/* End XCBuildConfiguration section */

/* Begin XCConfigurationList section */
		FB2551D22AD472E9009A2118 /* Build configuration list for PBXProject "Lesson7" */ = {
			isa = XCConfigurationList;
			buildConfigurations = (
				FB2551E92AD472EC009A2118 /* Debug */,
				FB2551EA2AD472EC009A2118 /* Release */,
			);
			defaultConfigurationIsVisible = 0;
			defaultConfigurationName = Release;
		};
		FB2551EB2AD472EC009A2118 /* Build configuration list for PBXNativeTarget "Lesson7" */ = {
			isa = XCConfigurationList;
			buildConfigurations = (
				FB2551EC2AD472EC009A2118 /* Debug */,
				FB2551ED2AD472EC009A2118 /* Release */,
			);
			defaultConfigurationIsVisible = 0;
			defaultConfigurationName = Release;
		};
/* End XCConfigurationList section */
	};
	rootObject = FB2551CF2AD472E9009A2118 /* Project object */;
}
